{
  "nodes": {
    "flake-compat": {
      "flake": false,
      "locked": {
        "lastModified": 1606424373,
        "narHash": "sha256-oq8d4//CJOrVj+EcOaSXvMebvuTkmBJuT5tzlfewUnQ=",
        "owner": "edolstra",
        "repo": "flake-compat",
        "rev": "99f1c2157fba4bfe6211a321fd0ee43199025dbf",
        "type": "github"
      },
      "original": {
        "owner": "edolstra",
        "repo": "flake-compat",
        "type": "github"
      }
    },
    "flake-compat_2": {
      "flake": false,
      "locked": {
        "lastModified": 1606424373,
        "narHash": "sha256-oq8d4//CJOrVj+EcOaSXvMebvuTkmBJuT5tzlfewUnQ=",
        "owner": "edolstra",
        "repo": "flake-compat",
        "rev": "99f1c2157fba4bfe6211a321fd0ee43199025dbf",
        "type": "github"
      },
      "original": {
        "owner": "edolstra",
        "repo": "flake-compat",
        "type": "github"
      }
    },
    "flake-utils": {
      "locked": {
        "lastModified": 1617631617,
        "narHash": "sha256-PARRCz55qN3gy07VJZIlFeOX420d0nGF0RzGI/9hVlw=",
        "owner": "numtide",
        "repo": "flake-utils",
        "rev": "b2c27d1a81b0dc266270fa8aeecebbd1807fc610",
        "type": "github"
      },
      "original": {
        "owner": "numtide",
        "repo": "flake-utils",
        "type": "github"
      }
    },
    "mydrvs": {
      "inputs": {
        "flake-compat": "flake-compat",
        "nixpkgs": "nixpkgs",
        "utils": "utils"
      },
      "locked": {
        "lastModified": 1625082738,
        "narHash": "sha256-+qxaw8td1CzPAMMzUcoq4tALItr384gQHudIHPzqMvg=",
        "owner": "huuff",
        "repo": "derivations",
        "rev": "cbd2dfc2e3755c4f65f7bc5015d3374662562b44",
        "type": "github"
      },
      "original": {
        "owner": "huuff",
        "repo": "derivations",
        "type": "github"
      }
    },
    "neuron": {
      "inputs": {
        "flake-compat": "flake-compat_2",
        "flake-utils": "flake-utils",
        "nixpkgs": "nixpkgs_2"
      },
      "locked": {
        "lastModified": 1624733701,
        "narHash": "sha256-1gjJdiEHOgen4A15v9t4UmCUEUf3LiLnqMlEbxR3Egk=",
        "owner": "srid",
        "repo": "neuron",
        "rev": "cb8f988ef43b5327bf147018b12dd8728a005ca5",
        "type": "github"
      },
      "original": {
        "owner": "srid",
        "repo": "neuron",
        "type": "github"
      }
    },
    "nixops": {
      "inputs": {
        "nixpkgs": "nixpkgs_3",
        "utils": "utils_2"
      },
      "locked": {
        "lastModified": 1614711931,
        "narHash": "sha256-In+aL5PrOWCjEMDBv+Yv93epJijt24NfGY6Vdy/aIVo=",
        "owner": "NixOS",
        "repo": "nixops",
        "rev": "45256745cef246dabe1ae8a7d109988f190cd7ef",
        "type": "github"
      },
      "original": {
        "owner": "NixOS",
        "repo": "nixops",
        "type": "github"
      }
    },
    "nixpkgs": {
      "locked": {
        "lastModified": 1624989304,
        "narHash": "sha256-0JVbaG4f9TdjUXiJYe0W661rRDuMJKUMgQs9LP1l20U=",
        "owner": "NixOS",
        "repo": "nixpkgs",
        "rev": "e2508a8e57eb8a6478f2b39fc5c7106654cfea41",
        "type": "github"
      },
      "original": {
        "owner": "NixOS",
        "repo": "nixpkgs",
        "type": "github"
      }
    },
    "nixpkgs_2": {
      "locked": {
        "lastModified": 1620278081,
        "narHash": "sha256-KcCxMcUFIqpZArUqHcLTdBXKJ1bsHnFdPALyB9auV7M=",
        "owner": "nixos",
        "repo": "nixpkgs",
        "rev": "123db833485edf8df83f95ef2888113390768686",
        "type": "github"
      },
      "original": {
        "owner": "nixos",
        "repo": "nixpkgs",
        "rev": "123db833485edf8df83f95ef2888113390768686",
        "type": "github"
      }
    },
    "nixpkgs_3": {
      "locked": {
        "lastModified": 1612282043,
        "narHash": "sha256-MzoN8nI1eydYHuWBAXBcw9Na0XndZHa/VjoxZRWSX68=",
        "owner": "NixOS",
        "repo": "nixpkgs",
        "rev": "fab6fcdceb2560a4ab943830a2b1632458c7a6ff",
        "type": "github"
      },
      "original": {
        "owner": "NixOS",
        "ref": "nixos-unstable",
        "repo": "nixpkgs",
        "type": "github"
      }
    },
    "nixpkgs_4": {
      "locked": {
        "lastModified": 1625037881,
        "narHash": "sha256-cRYHArtHYcUQWM231IrAb4GYf6VJj9AoeW7kkShVRfc=",
        "owner": "NixOS",
        "repo": "nixpkgs",
        "rev": "e9148dc1c30e02aae80cc52f68ceb37b772066f3",
        "type": "github"
      },
      "original": {
        "id": "nixpkgs",
        "ref": "nixos-21.05",
        "type": "indirect"
      }
    },
    "root": {
      "inputs": {
        "mydrvs": "mydrvs",
        "neuron": "neuron",
        "nixops": "nixops",
        "nixpkgs": "nixpkgs_4"
      }
    },
    "utils": {
      "locked": {
        "lastModified": 1623875721,
        "narHash": "sha256-A8BU7bjS5GirpAUv4QA+QnJ4CceLHkcXdRp4xITDB0s=",
        "owner": "numtide",
        "repo": "flake-utils",
        "rev": "f7e004a55b120c02ecb6219596820fcd32ca8772",
        "type": "github"
      },
      "original": {
        "owner": "numtide",
        "repo": "flake-utils",
        "type": "github"
      }
    },
    "utils_2": {
      "locked": {
        "lastModified": 1610051610,
        "narHash": "sha256-U9rPz/usA1/Aohhk7Cmc2gBrEEKRzcW4nwPWMPwja4Y=",
        "owner": "numtide",
        "repo": "flake-utils",
        "rev": "3982c9903e93927c2164caa727cd3f6a0e6d14cc",
        "type": "github"
      },
      "original": {
        "owner": "numtide",
        "repo": "flake-utils",
        "type": "github"
      }
    }
  },
  "root": "root",
  "version": 7
}
